
Microsoft Visual Studio Solution File, Format Version 12.00
# Visual Studio 15
VisualStudioVersion = 15.0.26730.16
MinimumVisualStudioVersion = 10.0.40219.1
Project("{9A19103F-16F7-4668-BE54-9A1E7A4F7556}") = "ARTA.core", "ARTA.core\ARTA.core.csproj", "{B7174CC9-62C6-422B-8A86-943FBD0B340D}"
EndProject
Project("{9A19103F-16F7-4668-BE54-9A1E7A4F7556}") = "StatisticalTests", "StatisticalTests\StatisticalTests.csproj", "{FB1D22D5-508B-42C4-B526-82441DAB726B}"
EndProject
Project("{FAE04EC0-301F-11D3-BF4B-00C04F79EFBC}") = "MathSubSet", "MathSubSet\MathSubSet.csproj", "{AA550903-FF49-49F0-AE6F-35506458CF3F}"
EndProject
Global
	GlobalSection(SolutionConfigurationPlatforms) = preSolution
		Debug|Any CPU = Debug|Any CPU
		Debug|x64 = Debug|x64
		Debug|x86 = Debug|x86
		Release|Any CPU = Release|Any CPU
		Release|x64 = Release|x64
		Release|x86 = Release|x86
	EndGlobalSection
	GlobalSection(ProjectConfigurationPlatforms) = postSolution
		{B7174CC9-62C6-422B-8A86-943FBD0B340D}.Debug|Any CPU.ActiveCfg = Debug|Any CPU
		{B7174CC9-62C6-422B-8A86-943FBD0B340D}.Debug|Any CPU.Build.0 = Debug|Any CPU
		{B7174CC9-62C6-422B-8A86-943FBD0B340D}.Debug|x64.ActiveCfg = Debug|Any CPU
		{B7174CC9-62C6-422B-8A86-943FBD0B340D}.Debug|x64.Build.0 = Debug|Any CPU
		{B7174CC9-62C6-422B-8A86-943FBD0B340D}.Debug|x86.ActiveCfg = Debug|Any CPU
		{B7174CC9-62C6-422B-8A86-943FBD0B340D}.Debug|x86.Build.0 = Debug|Any CPU
		{B7174CC9-62C6-422B-8A86-943FBD0B340D}.Release|Any CPU.ActiveCfg = Release|Any CPU
		{B7174CC9-62C6-422B-8A86-943FBD0B340D}.Release|Any CPU.Build.0 = Release|Any CPU
		{B7174CC9-62C6-422B-8A86-943FBD0B340D}.Release|x64.ActiveCfg = Release|Any CPU
		{B7174CC9-62C6-422B-8A86-943FBD0B340D}.Release|x64.Build.0 = Release|Any CPU
		{B7174CC9-62C6-422B-8A86-943FBD0B340D}.Release|x86.ActiveCfg = Release|Any CPU
		{B7174CC9-62C6-422B-8A86-943FBD0B340D}.Release|x86.Build.0 = Release|Any CPU
		{FB1D22D5-508B-42C4-B526-82441DAB726B}.Debug|Any CPU.ActiveCfg = Debug|Any CPU
		{FB1D22D5-508B-42C4-B526-82441DAB726B}.Debug|Any CPU.Build.0 = Debug|Any CPU
		{FB1D22D5-508B-42C4-B526-82441DAB726B}.Debug|x64.ActiveCfg = Debug|Any CPU
		{FB1D22D5-508B-42C4-B526-82441DAB726B}.Debug|x64.Build.0 = Debug|Any CPU
		{FB1D22D5-508B-42C4-B526-82441DAB726B}.Debug|x86.ActiveCfg = Debug|Any CPU
		{FB1D22D5-508B-42C4-B526-82441DAB726B}.Debug|x86.Build.0 = Debug|Any CPU
		{FB1D22D5-508B-42C4-B526-82441DAB726B}.Release|Any CPU.ActiveCfg = Release|Any CPU
		{FB1D22D5-508B-42C4-B526-82441DAB726B}.Release|Any CPU.Build.0 = Release|Any CPU
		{FB1D22D5-508B-42C4-B526-82441DAB726B}.Release|x64.ActiveCfg = Release|Any CPU
		{FB1D22D5-508B-42C4-B526-82441DAB726B}.Release|x64.Build.0 = Release|Any CPU
		{FB1D22D5-508B-42C4-B526-82441DAB726B}.Release|x86.ActiveCfg = Release|Any CPU
		{FB1D22D5-508B-42C4-B526-82441DAB726B}.Release|x86.Build.0 = Release|Any CPU
		{AA550903-FF49-49F0-AE6F-35506458CF3F}.Debug|Any CPU.ActiveCfg = Debug|Any CPU
		{AA550903-FF49-49F0-AE6F-35506458CF3F}.Debug|Any CPU.Build.0 = Debug|Any CPU
		{AA550903-FF49-49F0-AE6F-35506458CF3F}.Debug|x64.ActiveCfg = Debug|Any CPU
		{AA550903-FF49-49F0-AE6F-35506458CF3F}.Debug|x64.Build.0 = Debug|Any CPU
		{AA550903-FF49-49F0-AE6F-35506458CF3F}.Debug|x86.ActiveCfg = Debug|Any CPU
		{AA550903-FF49-49F0-AE6F-35506458CF3F}.Debug|x86.Build.0 = Debug|Any CPU
		{AA550903-FF49-49F0-AE6F-35506458CF3F}.Release|Any CPU.ActiveCfg = Release|Any CPU
		{AA550903-FF49-49F0-AE6F-35506458CF3F}.Release|Any CPU.Build.0 = Release|Any CPU
		{AA550903-FF49-49F0-AE6F-35506458CF3F}.Release|x64.ActiveCfg = Release|Any CPU
		{AA550903-FF49-49F0-AE6F-35506458CF3F}.Release|x64.Build.0 = Release|Any CPU
		{AA550903-FF49-49F0-AE6F-35506458CF3F}.Release|x86.ActiveCfg = Release|Any CPU
		{AA550903-FF49-49F0-AE6F-35506458CF3F}.Release|x86.Build.0 = Release|Any CPU
	EndGlobalSection
	GlobalSection(SolutionProperties) = preSolution
		HideSolutionNode = FALSE
	EndGlobalSection
	GlobalSection(ExtensibilityGlobals) = postSolution
		SolutionGuid = {49DAD8CE-0564-413A-9462-761882023770}
	EndGlobalSection
EndGlobal
